
Microsoft Visual Studio Solution File, Format Version 12.00
# Visual Studio Version 16
VisualStudioVersion = 16.0.30104.148
MinimumVisualStudioVersion = 10.0.40219.1
Project("{9A19103F-16F7-4668-BE54-9A1E7A4F7556}") = "MyCommonTool", "MyCommonTool.csproj", "{91441346-CE1D-4F6B-8044-4497DFAB573A}"
EndProject
Project("{FAE04EC0-301F-11D3-BF4B-00C04F79EFBC}") = "MyCommonToolTest", "..\MyCommonToolTest\MyCommonToolTest.csproj", "{8E49ED86-7643-43DC-9F89-A18429189CA9}"
EndProject
Global
	GlobalSection(SolutionConfigurationPlatforms) = preSolution
		Debug|Any CPU = Debug|Any CPU
		Release|Any CPU = Release|Any CPU
	EndGlobalSection
	GlobalSection(ProjectConfigurationPlatforms) = postSolution
		{91441346-CE1D-4F6B-8044-4497DFAB573A}.Debug|Any CPU.ActiveCfg = Debug|Any CPU
		{91441346-CE1D-4F6B-8044-4497DFAB573A}.Debug|Any CPU.Build.0 = Debug|Any CPU
		{91441346-CE1D-4F6B-8044-4497DFAB573A}.Release|Any CPU.ActiveCfg = Release|Any CPU
		{91441346-CE1D-4F6B-8044-4497DFAB573A}.Release|Any CPU.Build.0 = Release|Any CPU
		{8E49ED86-7643-43DC-9F89-A18429189CA9}.Debug|Any CPU.ActiveCfg = Debug|Any CPU
		{8E49ED86-7643-43DC-9F89-A18429189CA9}.Debug|Any CPU.Build.0 = Debug|Any CPU
		{8E49ED86-7643-43DC-9F89-A18429189CA9}.Release|Any CPU.ActiveCfg = Release|Any CPU
		{8E49ED86-7643-43DC-9F89-A18429189CA9}.Release|Any CPU.Build.0 = Release|Any CPU
	EndGlobalSection
	GlobalSection(SolutionProperties) = preSolution
		HideSolutionNode = FALSE
	EndGlobalSection
	GlobalSection(ExtensibilityGlobals) = postSolution
		SolutionGuid = {300CE8DF-FA6D-4DA2-B9EE-E64DDC58DBF6}
	EndGlobalSection
EndGlobal
